{
  "originHash" : "4943735d6dca5128731d88f03eeff0312228f60c1a989eb1ca6e9aa269113113",
  "pins" : [
    {
      "identity" : "fluidaudio",
      "kind" : "remoteSourceControl",
      "location" : "https://github.com/FluidInference/FluidAudio",
      "state" : {
        "branch" : "main",
        "revision" : "cdd74ea97b78eaadde1a0dd7559c2955872a5f0a"
      }
    }
  ],
  "version" : 3
}
